
Microsoft Visual Studio Solution File, Format Version 12.00
# Visual Studio Version 17
VisualStudioVersion = 17.12.35527.113
MinimumVisualStudioVersion = 10.0.40219.1
Project("{8BC9CEB8-8B4A-11D0-8D11-00A0C91BC942}") = "learnopengl", "learnopengl\learnopengl.vcxproj", "{C15A64B9-B236-4CF9-883B-0088387C4A65}"
EndProject
Project("{2150E333-8FDC-42A3-9474-1A3956D46DE8}") = "Solution Items", "Solution Items", "{43B1219E-F462-436D-865F-29E04B045B24}"
	ProjectSection(SolutionItems) = preProject
		.clang-format = .clang-format
		.editorconfig = .editorconfig
	EndProjectSection
EndProject
Global
	GlobalSection(SolutionConfigurationPlatforms) = preSolution
		Debug|x64 = Debug|x64
		Release|x64 = Release|x64
	EndGlobalSection
	GlobalSection(ProjectConfigurationPlatforms) = postSolution
		{C15A64B9-B236-4CF9-883B-0088387C4A65}.Debug|x64.ActiveCfg = Debug|x64
		{C15A64B9-B236-4CF9-883B-0088387C4A65}.Debug|x64.Build.0 = Debug|x64
		{C15A64B9-B236-4CF9-883B-0088387C4A65}.Release|x64.ActiveCfg = Release|x64
		{C15A64B9-B236-4CF9-883B-0088387C4A65}.Release|x64.Build.0 = Release|x64
	EndGlobalSection
	GlobalSection(SolutionProperties) = preSolution
		HideSolutionNode = FALSE
	EndGlobalSection
EndGlobal
